
Microsoft Visual Studio Solution File, Format Version 11.00
# Visual Studio 2010
Project("{8BC9CEB8-8B4A-11D0-8D11-00A0C91BC942}") = "wxWidgets", "wxWidgets\wxWidgets.vcxproj", "{A4033B57-851D-494A-844D-7BD4715D2A10}"
EndProject
Project("{8BC9CEB8-8B4A-11D0-8D11-00A0C91BC942}") = "win32", "win32\win32.vcxproj", "{916E895C-8E2F-428B-94AC-2DEC9B2F9EBC}"
EndProject
Project("{8BC9CEB8-8B4A-11D0-8D11-00A0C91BC942}") = "Hello World", "Hello World\Hello World.vcxproj", "{D3099043-56FF-4298-BD9A-2106224F9FA1}"
EndProject
Project("{8BC9CEB8-8B4A-11D0-8D11-00A0C91BC942}") = "Simple Window", "Simple Window\Simple Window.vcxproj", "{03ADA4B3-3CFE-4CF8-9459-F9286EFC7722}"
EndProject
Project("{8BC9CEB8-8B4A-11D0-8D11-00A0C91BC942}") = "Accessibility", "Accessibility\Accessibility.vcxproj", "{88DBD92F-E1AE-4E6B-AFA2-1BB17C79F26E}"
EndProject
Project("{8BC9CEB8-8B4A-11D0-8D11-00A0C91BC942}") = "Animation", "Animation\Animation.vcxproj", "{DF0E6835-A160-4EE4-BC21-01E1044E6782}"
EndProject
Project("{8BC9CEB8-8B4A-11D0-8D11-00A0C91BC942}") = "Art Provider", "Art Provider\Art Provider.vcxproj", "{3AFDA956-0679-4256-B8F6-78E4181EADD8}"
EndProject
Project("{8BC9CEB8-8B4A-11D0-8D11-00A0C91BC942}") = "Calendar", "Advanced User Interface\Advanced User Interface.vcxproj", "{D61DE421-5217-4024-BCDD-3631774EC823}"
EndProject
Project("{8BC9CEB8-8B4A-11D0-8D11-00A0C91BC942}") = "Caret", "Caret\Caret.vcxproj", "{36E05F1D-70E1-49A5-8279-F88C4C18C25A}"
EndProject
Project("{8BC9CEB8-8B4A-11D0-8D11-00A0C91BC942}") = "Collapsible Pane", "Collapsible Pane\Collapsible Pane.vcxproj", "{7DA42122-4E8D-433A-AA1D-15F3874BCED5}"
EndProject
Project("{8BC9CEB8-8B4A-11D0-8D11-00A0C91BC942}") = "Combo", "Combo\Combo.vcxproj", "{D23868F6-5D35-48E1-9D04-D44CAF5799D8}"
EndProject
Project("{8BC9CEB8-8B4A-11D0-8D11-00A0C91BC942}") = "Configuration", "Configuration\Configuration.vcxproj", "{E69B6837-5EF9-4D9A-8CE2-B49DEF1DB37B}"
EndProject
Project("{8BC9CEB8-8B4A-11D0-8D11-00A0C91BC942}") = "Console", "Console\Console.vcxproj", "{E7AC8155-7DE2-464B-8F99-A730507F5652}"
EndProject
Project("{8BC9CEB8-8B4A-11D0-8D11-00A0C91BC942}") = "Controls", "Constrols\Constrols.vcxproj", "{F8A85437-76D9-4CF7-90E5-4EFAD7C2DF5D}"
EndProject
Project("{8BC9CEB8-8B4A-11D0-8D11-00A0C91BC942}") = "DataViewCrtl", "DataViewCrtl\DataViewCrtl.vcxproj", "{DD174D60-3E7E-47C4-8CC1-5B1F378101E6}"
EndProject
Project("{8BC9CEB8-8B4A-11D0-8D11-00A0C91BC942}") = "ClipBoard", "ClipBoard\ClipBoard.vcxproj", "{9CDFCDEF-5C2B-440E-A990-416DED1C58EF}"
EndProject
Project("{8BC9CEB8-8B4A-11D0-8D11-00A0C91BC942}") = "Dialogs", "Dialogs\Dialogs.vcxproj", "{7111D042-25C5-44D8-BD9B-77598A08DD42}"
EndProject
Project("{8BC9CEB8-8B4A-11D0-8D11-00A0C91BC942}") = "Display", "Display\Display.vcxproj", "{DEC09498-82BA-4291-A03B-F26E28C71130}"
EndProject
Project("{8BC9CEB8-8B4A-11D0-8D11-00A0C91BC942}") = "Document View", "Document View\Document View.vcxproj", "{735FF3C0-CF3F-411E-A0CB-5314E1CECF28}"
EndProject
Project("{8BC9CEB8-8B4A-11D0-8D11-00A0C91BC942}") = "Drag and Drop", "Drag and Drop\Drag and Drop.vcxproj", "{DA4B521F-9850-4BCF-BDBE-F8DFBD301C80}"
EndProject
Project("{8BC9CEB8-8B4A-11D0-8D11-00A0C91BC942}") = "Drawing", "Drawing\Drawing.vcxproj", "{F5AC92DE-FDF2-4303-A282-014C72449BE0}"
EndProject
Project("{8BC9CEB8-8B4A-11D0-8D11-00A0C91BC942}") = "Drag Image", "Drag Image\Drag Image.vcxproj", "{52766BE4-A3C3-476F-A627-4465CA088818}"
EndProject
Project("{8BC9CEB8-8B4A-11D0-8D11-00A0C91BC942}") = "Erase Event", "Erase Event\Erase Event.vcxproj", "{9146D0EF-F78E-4FF2-B344-F31CF9BC4301}"
EndProject
Project("{8BC9CEB8-8B4A-11D0-8D11-00A0C91BC942}") = "Event", "Event\Event.vcxproj", "{B8265E7B-59C9-4258-AE3E-D74020074DB7}"
EndProject
Project("{8BC9CEB8-8B4A-11D0-8D11-00A0C91BC942}") = "Exception", "Exception\Exception.vcxproj", "{FCC10023-F79E-45AF-BD08-35DACEA791EC}"
EndProject
Project("{8BC9CEB8-8B4A-11D0-8D11-00A0C91BC942}") = "External Program Execution", "External Program Execution\External Program Execution.vcxproj", "{D80F11F4-98E1-4051-BE16-EE735E050B14}"
EndProject
Project("{8BC9CEB8-8B4A-11D0-8D11-00A0C91BC942}") = "Font", "Font\Font.vcxproj", "{261BDC78-72A6-404F-B781-64153FCA056F}"
EndProject
Project("{8BC9CEB8-8B4A-11D0-8D11-00A0C91BC942}") = "Flash", "Flash\Flash.vcxproj", "{DF5B935E-1F6F-416C-9E22-B9D7FAE904FE}"
EndProject
Project("{8BC9CEB8-8B4A-11D0-8D11-00A0C91BC942}") = "Grid", "Grid\Grid.vcxproj", "{E95C8D7E-B1DD-47FA-BAB7-F62EFA388465}"
EndProject
Project("{8BC9CEB8-8B4A-11D0-8D11-00A0C91BC942}") = "Help", "Help\Help.vcxproj", "{ACF4D297-EE1F-4136-A232-FB19FB18DC48}"
EndProject
Project("{8BC9CEB8-8B4A-11D0-8D11-00A0C91BC942}") = "Layout", "Layout\Layout.vcxproj", "{FA9355B3-BBE2-4969-A37E-07F381A2C6AA}"
EndProject
Project("{8BC9CEB8-8B4A-11D0-8D11-00A0C91BC942}") = "_Framework", "_Framework\_Framework.vcxproj", "{A48DFE00-6DD3-4E9A-95CC-7472DDEF792E}"
EndProject
Project("{8BC9CEB8-8B4A-11D0-8D11-00A0C91BC942}") = "Controls2", "Controls2\Controls2.vcxproj", "{B231C3D5-817F-4273-A6C1-28BEA631987E}"
EndProject
Project("{8BC9CEB8-8B4A-11D0-8D11-00A0C91BC942}") = "button", "button\button.vcxproj", "{8C4F1730-902E-4C93-BF14-E7684B3C8DAE}"
EndProject
Project("{8BC9CEB8-8B4A-11D0-8D11-00A0C91BC942}") = "Static Text", "Static Text\Static Text.vcxproj", "{640519C0-34B4-43E9-898B-C1E4F789C1FA}"
EndProject
Project("{8BC9CEB8-8B4A-11D0-8D11-00A0C91BC942}") = "Minimal Application", "Minimal Application\Minimal Application.vcxproj", "{2C5817EC-91B2-407A-8030-202965C0CED4}"
EndProject
Project("{8BC9CEB8-8B4A-11D0-8D11-00A0C91BC942}") = "UpdateUIEvent", "UpdateUIEvent\UpdateUIEvent.vcxproj", "{93F1E897-E8EE-40EC-BBCC-F6E18FDA37EB}"
EndProject
Project("{8BC9CEB8-8B4A-11D0-8D11-00A0C91BC942}") = "Sizer", "Sizer\Sizer.vcxproj", "{5E38EB8F-52E6-43DA-B9F2-790DA90224F8}"
EndProject
Project("{8BC9CEB8-8B4A-11D0-8D11-00A0C91BC942}") = "Drawing2", "Drawing2\Drawing2.vcxproj", "{3E24D223-5678-4F2E-B0FC-536CC92CD9F2}"
EndProject
Project("{8BC9CEB8-8B4A-11D0-8D11-00A0C91BC942}") = "Text", "Text\Text.vcxproj", "{0D1C6008-0589-4E50-AECE-D63554C7C1AD}"
EndProject
Project("{8BC9CEB8-8B4A-11D0-8D11-00A0C91BC942}") = "Drag and Drop2", "Drag and Drop2\Drag and Drop2.vcxproj", "{D6A7D743-3EA4-47FB-8CF9-F3DC84D18AA3}"
EndProject
Project("{8BC9CEB8-8B4A-11D0-8D11-00A0C91BC942}") = "Splitter Window", "Splitter Window\Splitter Window.vcxproj", "{F6EDC05A-2C82-4466-B470-17DEA3196B7A}"
EndProject
Project("{8BC9CEB8-8B4A-11D0-8D11-00A0C91BC942}") = "Text Control", "Text Control\Text Control.vcxproj", "{C7121C42-9FA5-4B86-9A98-6D1BCA0CEE49}"
EndProject
Project("{8BC9CEB8-8B4A-11D0-8D11-00A0C91BC942}") = "CheckBox", "CheckBox\CheckBox.vcxproj", "{5D3B196F-A69E-4632-8A44-E379FEB054D2}"
EndProject
Project("{8BC9CEB8-8B4A-11D0-8D11-00A0C91BC942}") = "RadioBox", "RadioBox\RadioBox.vcxproj", "{674708D4-3255-419E-8D02-9B6898BFB1F5}"
EndProject
Project("{8BC9CEB8-8B4A-11D0-8D11-00A0C91BC942}") = "ColourPicker", "ColourPicker\ColourPicker.vcxproj", "{B9D808DC-3FCE-4CB2-A045-7CE606C8FED3}"
EndProject
Project("{8BC9CEB8-8B4A-11D0-8D11-00A0C91BC942}") = "FilePicker", "FilePicker\FilePicker.vcxproj", "{4023EF09-F967-4E89-A2C7-294DB3451C7A}"
EndProject
Project("{8BC9CEB8-8B4A-11D0-8D11-00A0C91BC942}") = "Picker", "Picker\Picker.vcxproj", "{F68A7543-CCE9-44B8-83AC-7141B1E3346F}"
EndProject
Project("{8BC9CEB8-8B4A-11D0-8D11-00A0C91BC942}") = "Open File", "Open File\Open File.vcxproj", "{E0330235-E77B-49D9-950D-F1821D7BD13E}"
EndProject
Project("{8BC9CEB8-8B4A-11D0-8D11-00A0C91BC942}") = "Font Dialog", "Font Dialog\Font Dialog.vcxproj", "{DAFE5BC5-81E9-420D-8822-0182398F5736}"
EndProject
Project("{8BC9CEB8-8B4A-11D0-8D11-00A0C91BC942}") = "Wizard", "Wizard\Wizard.vcxproj", "{81F44E6D-EF3E-4CE6-9E34-D3A2BD9217F4}"
EndProject
Project("{8BC9CEB8-8B4A-11D0-8D11-00A0C91BC942}") = "NoteBook Tabs", "NoteBook Tabs\NoteBook Tabs.vcxproj", "{99C9335D-D5B1-4EB1-90B3-DCDE127F3577}"
EndProject
Project("{8BC9CEB8-8B4A-11D0-8D11-00A0C91BC942}") = "_Test", "_Test\_Test.vcxproj", "{B6AA5760-F7A5-4D00-B2DB-B7D9DD91F1E5}"
EndProject
Project("{8BC9CEB8-8B4A-11D0-8D11-00A0C91BC942}") = "Dialogs2", "Dialogs2\Dialogs2.vcxproj", "{A76A0D6E-6C8B-4445-8FE9-71AFB39BDF33}"
EndProject
Global
	GlobalSection(SolutionConfigurationPlatforms) = preSolution
		Debug|Win32 = Debug|Win32
		Release|Win32 = Release|Win32
	EndGlobalSection
	GlobalSection(ProjectConfigurationPlatforms) = postSolution
		{A4033B57-851D-494A-844D-7BD4715D2A10}.Debug|Win32.ActiveCfg = Debug|Win32
		{A4033B57-851D-494A-844D-7BD4715D2A10}.Debug|Win32.Build.0 = Debug|Win32
		{A4033B57-851D-494A-844D-7BD4715D2A10}.Release|Win32.ActiveCfg = Release|Win32
		{A4033B57-851D-494A-844D-7BD4715D2A10}.Release|Win32.Build.0 = Release|Win32
		{916E895C-8E2F-428B-94AC-2DEC9B2F9EBC}.Debug|Win32.ActiveCfg = Debug|Win32
		{916E895C-8E2F-428B-94AC-2DEC9B2F9EBC}.Debug|Win32.Build.0 = Debug|Win32
		{916E895C-8E2F-428B-94AC-2DEC9B2F9EBC}.Release|Win32.ActiveCfg = Release|Win32
		{916E895C-8E2F-428B-94AC-2DEC9B2F9EBC}.Release|Win32.Build.0 = Release|Win32
		{D3099043-56FF-4298-BD9A-2106224F9FA1}.Debug|Win32.ActiveCfg = Debug|Win32
		{D3099043-56FF-4298-BD9A-2106224F9FA1}.Debug|Win32.Build.0 = Debug|Win32
		{D3099043-56FF-4298-BD9A-2106224F9FA1}.Release|Win32.ActiveCfg = Release|Win32
		{D3099043-56FF-4298-BD9A-2106224F9FA1}.Release|Win32.Build.0 = Release|Win32
		{03ADA4B3-3CFE-4CF8-9459-F9286EFC7722}.Debug|Win32.ActiveCfg = Debug|Win32
		{03ADA4B3-3CFE-4CF8-9459-F9286EFC7722}.Debug|Win32.Build.0 = Debug|Win32
		{03ADA4B3-3CFE-4CF8-9459-F9286EFC7722}.Release|Win32.ActiveCfg = Release|Win32
		{03ADA4B3-3CFE-4CF8-9459-F9286EFC7722}.Release|Win32.Build.0 = Release|Win32
		{88DBD92F-E1AE-4E6B-AFA2-1BB17C79F26E}.Debug|Win32.ActiveCfg = Debug|Win32
		{88DBD92F-E1AE-4E6B-AFA2-1BB17C79F26E}.Debug|Win32.Build.0 = Debug|Win32
		{88DBD92F-E1AE-4E6B-AFA2-1BB17C79F26E}.Release|Win32.ActiveCfg = Release|Win32
		{88DBD92F-E1AE-4E6B-AFA2-1BB17C79F26E}.Release|Win32.Build.0 = Release|Win32
		{DF0E6835-A160-4EE4-BC21-01E1044E6782}.Debug|Win32.ActiveCfg = Debug|Win32
		{DF0E6835-A160-4EE4-BC21-01E1044E6782}.Debug|Win32.Build.0 = Debug|Win32
		{DF0E6835-A160-4EE4-BC21-01E1044E6782}.Release|Win32.ActiveCfg = Release|Win32
		{DF0E6835-A160-4EE4-BC21-01E1044E6782}.Release|Win32.Build.0 = Release|Win32
		{3AFDA956-0679-4256-B8F6-78E4181EADD8}.Debug|Win32.ActiveCfg = Debug|Win32
		{3AFDA956-0679-4256-B8F6-78E4181EADD8}.Debug|Win32.Build.0 = Debug|Win32
		{3AFDA956-0679-4256-B8F6-78E4181EADD8}.Release|Win32.ActiveCfg = Release|Win32
		{3AFDA956-0679-4256-B8F6-78E4181EADD8}.Release|Win32.Build.0 = Release|Win32
		{D61DE421-5217-4024-BCDD-3631774EC823}.Debug|Win32.ActiveCfg = Debug|Win32
		{D61DE421-5217-4024-BCDD-3631774EC823}.Debug|Win32.Build.0 = Debug|Win32
		{D61DE421-5217-4024-BCDD-3631774EC823}.Release|Win32.ActiveCfg = Release|Win32
		{D61DE421-5217-4024-BCDD-3631774EC823}.Release|Win32.Build.0 = Release|Win32
		{36E05F1D-70E1-49A5-8279-F88C4C18C25A}.Debug|Win32.ActiveCfg = Debug|Win32
		{36E05F1D-70E1-49A5-8279-F88C4C18C25A}.Debug|Win32.Build.0 = Debug|Win32
		{36E05F1D-70E1-49A5-8279-F88C4C18C25A}.Release|Win32.ActiveCfg = Release|Win32
		{36E05F1D-70E1-49A5-8279-F88C4C18C25A}.Release|Win32.Build.0 = Release|Win32
		{7DA42122-4E8D-433A-AA1D-15F3874BCED5}.Debug|Win32.ActiveCfg = Debug|Win32
		{7DA42122-4E8D-433A-AA1D-15F3874BCED5}.Debug|Win32.Build.0 = Debug|Win32
		{7DA42122-4E8D-433A-AA1D-15F3874BCED5}.Release|Win32.ActiveCfg = Release|Win32
		{7DA42122-4E8D-433A-AA1D-15F3874BCED5}.Release|Win32.Build.0 = Release|Win32
		{D23868F6-5D35-48E1-9D04-D44CAF5799D8}.Debug|Win32.ActiveCfg = Debug|Win32
		{D23868F6-5D35-48E1-9D04-D44CAF5799D8}.Debug|Win32.Build.0 = Debug|Win32
		{D23868F6-5D35-48E1-9D04-D44CAF5799D8}.Release|Win32.ActiveCfg = Release|Win32
		{D23868F6-5D35-48E1-9D04-D44CAF5799D8}.Release|Win32.Build.0 = Release|Win32
		{E69B6837-5EF9-4D9A-8CE2-B49DEF1DB37B}.Debug|Win32.ActiveCfg = Debug|Win32
		{E69B6837-5EF9-4D9A-8CE2-B49DEF1DB37B}.Debug|Win32.Build.0 = Debug|Win32
		{E69B6837-5EF9-4D9A-8CE2-B49DEF1DB37B}.Release|Win32.ActiveCfg = Release|Win32
		{E69B6837-5EF9-4D9A-8CE2-B49DEF1DB37B}.Release|Win32.Build.0 = Release|Win32
		{E7AC8155-7DE2-464B-8F99-A730507F5652}.Debug|Win32.ActiveCfg = Debug|Win32
		{E7AC8155-7DE2-464B-8F99-A730507F5652}.Debug|Win32.Build.0 = Debug|Win32
		{E7AC8155-7DE2-464B-8F99-A730507F5652}.Release|Win32.ActiveCfg = Release|Win32
		{E7AC8155-7DE2-464B-8F99-A730507F5652}.Release|Win32.Build.0 = Release|Win32
		{F8A85437-76D9-4CF7-90E5-4EFAD7C2DF5D}.Debug|Win32.ActiveCfg = Debug|Win32
		{F8A85437-76D9-4CF7-90E5-4EFAD7C2DF5D}.Debug|Win32.Build.0 = Debug|Win32
		{F8A85437-76D9-4CF7-90E5-4EFAD7C2DF5D}.Release|Win32.ActiveCfg = Release|Win32
		{F8A85437-76D9-4CF7-90E5-4EFAD7C2DF5D}.Release|Win32.Build.0 = Release|Win32
		{DD174D60-3E7E-47C4-8CC1-5B1F378101E6}.Debug|Win32.ActiveCfg = Debug|Win32
		{DD174D60-3E7E-47C4-8CC1-5B1F378101E6}.Debug|Win32.Build.0 = Debug|Win32
		{DD174D60-3E7E-47C4-8CC1-5B1F378101E6}.Release|Win32.ActiveCfg = Release|Win32
		{DD174D60-3E7E-47C4-8CC1-5B1F378101E6}.Release|Win32.Build.0 = Release|Win32
		{9CDFCDEF-5C2B-440E-A990-416DED1C58EF}.Debug|Win32.ActiveCfg = Debug|Win32
		{9CDFCDEF-5C2B-440E-A990-416DED1C58EF}.Debug|Win32.Build.0 = Debug|Win32
		{9CDFCDEF-5C2B-440E-A990-416DED1C58EF}.Release|Win32.ActiveCfg = Release|Win32
		{9CDFCDEF-5C2B-440E-A990-416DED1C58EF}.Release|Win32.Build.0 = Release|Win32
		{7111D042-25C5-44D8-BD9B-77598A08DD42}.Debug|Win32.ActiveCfg = Debug|Win32
		{7111D042-25C5-44D8-BD9B-77598A08DD42}.Debug|Win32.Build.0 = Debug|Win32
		{7111D042-25C5-44D8-BD9B-77598A08DD42}.Release|Win32.ActiveCfg = Release|Win32
		{7111D042-25C5-44D8-BD9B-77598A08DD42}.Release|Win32.Build.0 = Release|Win32
		{DEC09498-82BA-4291-A03B-F26E28C71130}.Debug|Win32.ActiveCfg = Debug|Win32
		{DEC09498-82BA-4291-A03B-F26E28C71130}.Debug|Win32.Build.0 = Debug|Win32
		{DEC09498-82BA-4291-A03B-F26E28C71130}.Release|Win32.ActiveCfg = Release|Win32
		{DEC09498-82BA-4291-A03B-F26E28C71130}.Release|Win32.Build.0 = Release|Win32
		{735FF3C0-CF3F-411E-A0CB-5314E1CECF28}.Debug|Win32.ActiveCfg = Debug|Win32
		{735FF3C0-CF3F-411E-A0CB-5314E1CECF28}.Debug|Win32.Build.0 = Debug|Win32
		{735FF3C0-CF3F-411E-A0CB-5314E1CECF28}.Release|Win32.ActiveCfg = Release|Win32
		{735FF3C0-CF3F-411E-A0CB-5314E1CECF28}.Release|Win32.Build.0 = Release|Win32
		{DA4B521F-9850-4BCF-BDBE-F8DFBD301C80}.Debug|Win32.ActiveCfg = Debug|Win32
		{DA4B521F-9850-4BCF-BDBE-F8DFBD301C80}.Debug|Win32.Build.0 = Debug|Win32
		{DA4B521F-9850-4BCF-BDBE-F8DFBD301C80}.Release|Win32.ActiveCfg = Release|Win32
		{DA4B521F-9850-4BCF-BDBE-F8DFBD301C80}.Release|Win32.Build.0 = Release|Win32
		{F5AC92DE-FDF2-4303-A282-014C72449BE0}.Debug|Win32.ActiveCfg = Debug|Win32
		{F5AC92DE-FDF2-4303-A282-014C72449BE0}.Debug|Win32.Build.0 = Debug|Win32
		{F5AC92DE-FDF2-4303-A282-014C72449BE0}.Release|Win32.ActiveCfg = Release|Win32
		{F5AC92DE-FDF2-4303-A282-014C72449BE0}.Release|Win32.Build.0 = Release|Win32
		{52766BE4-A3C3-476F-A627-4465CA088818}.Debug|Win32.ActiveCfg = Debug|Win32
		{52766BE4-A3C3-476F-A627-4465CA088818}.Debug|Win32.Build.0 = Debug|Win32
		{52766BE4-A3C3-476F-A627-4465CA088818}.Release|Win32.ActiveCfg = Release|Win32
		{52766BE4-A3C3-476F-A627-4465CA088818}.Release|Win32.Build.0 = Release|Win32
		{9146D0EF-F78E-4FF2-B344-F31CF9BC4301}.Debug|Win32.ActiveCfg = Debug|Win32
		{9146D0EF-F78E-4FF2-B344-F31CF9BC4301}.Debug|Win32.Build.0 = Debug|Win32
		{9146D0EF-F78E-4FF2-B344-F31CF9BC4301}.Release|Win32.ActiveCfg = Release|Win32
		{9146D0EF-F78E-4FF2-B344-F31CF9BC4301}.Release|Win32.Build.0 = Release|Win32
		{B8265E7B-59C9-4258-AE3E-D74020074DB7}.Debug|Win32.ActiveCfg = Debug|Win32
		{B8265E7B-59C9-4258-AE3E-D74020074DB7}.Debug|Win32.Build.0 = Debug|Win32
		{B8265E7B-59C9-4258-AE3E-D74020074DB7}.Release|Win32.ActiveCfg = Release|Win32
		{B8265E7B-59C9-4258-AE3E-D74020074DB7}.Release|Win32.Build.0 = Release|Win32
		{FCC10023-F79E-45AF-BD08-35DACEA791EC}.Debug|Win32.ActiveCfg = Debug|Win32
		{FCC10023-F79E-45AF-BD08-35DACEA791EC}.Debug|Win32.Build.0 = Debug|Win32
		{FCC10023-F79E-45AF-BD08-35DACEA791EC}.Release|Win32.ActiveCfg = Release|Win32
		{FCC10023-F79E-45AF-BD08-35DACEA791EC}.Release|Win32.Build.0 = Release|Win32
		{D80F11F4-98E1-4051-BE16-EE735E050B14}.Debug|Win32.ActiveCfg = Debug|Win32
		{D80F11F4-98E1-4051-BE16-EE735E050B14}.Debug|Win32.Build.0 = Debug|Win32
		{D80F11F4-98E1-4051-BE16-EE735E050B14}.Release|Win32.ActiveCfg = Release|Win32
		{D80F11F4-98E1-4051-BE16-EE735E050B14}.Release|Win32.Build.0 = Release|Win32
		{261BDC78-72A6-404F-B781-64153FCA056F}.Debug|Win32.ActiveCfg = Debug|Win32
		{261BDC78-72A6-404F-B781-64153FCA056F}.Debug|Win32.Build.0 = Debug|Win32
		{261BDC78-72A6-404F-B781-64153FCA056F}.Release|Win32.ActiveCfg = Release|Win32
		{261BDC78-72A6-404F-B781-64153FCA056F}.Release|Win32.Build.0 = Release|Win32
		{DF5B935E-1F6F-416C-9E22-B9D7FAE904FE}.Debug|Win32.ActiveCfg = Debug|Win32
		{DF5B935E-1F6F-416C-9E22-B9D7FAE904FE}.Debug|Win32.Build.0 = Debug|Win32
		{DF5B935E-1F6F-416C-9E22-B9D7FAE904FE}.Release|Win32.ActiveCfg = Release|Win32
		{DF5B935E-1F6F-416C-9E22-B9D7FAE904FE}.Release|Win32.Build.0 = Release|Win32
		{E95C8D7E-B1DD-47FA-BAB7-F62EFA388465}.Debug|Win32.ActiveCfg = Debug|Win32
		{E95C8D7E-B1DD-47FA-BAB7-F62EFA388465}.Debug|Win32.Build.0 = Debug|Win32
		{E95C8D7E-B1DD-47FA-BAB7-F62EFA388465}.Release|Win32.ActiveCfg = Release|Win32
		{E95C8D7E-B1DD-47FA-BAB7-F62EFA388465}.Release|Win32.Build.0 = Release|Win32
		{ACF4D297-EE1F-4136-A232-FB19FB18DC48}.Debug|Win32.ActiveCfg = Debug|Win32
		{ACF4D297-EE1F-4136-A232-FB19FB18DC48}.Debug|Win32.Build.0 = Debug|Win32
		{ACF4D297-EE1F-4136-A232-FB19FB18DC48}.Release|Win32.ActiveCfg = Release|Win32
		{ACF4D297-EE1F-4136-A232-FB19FB18DC48}.Release|Win32.Build.0 = Release|Win32
		{FA9355B3-BBE2-4969-A37E-07F381A2C6AA}.Debug|Win32.ActiveCfg = Debug|Win32
		{FA9355B3-BBE2-4969-A37E-07F381A2C6AA}.Debug|Win32.Build.0 = Debug|Win32
		{FA9355B3-BBE2-4969-A37E-07F381A2C6AA}.Release|Win32.ActiveCfg = Release|Win32
		{FA9355B3-BBE2-4969-A37E-07F381A2C6AA}.Release|Win32.Build.0 = Release|Win32
		{A48DFE00-6DD3-4E9A-95CC-7472DDEF792E}.Debug|Win32.ActiveCfg = Debug|Win32
		{A48DFE00-6DD3-4E9A-95CC-7472DDEF792E}.Debug|Win32.Build.0 = Debug|Win32
		{A48DFE00-6DD3-4E9A-95CC-7472DDEF792E}.Release|Win32.ActiveCfg = Release|Win32
		{A48DFE00-6DD3-4E9A-95CC-7472DDEF792E}.Release|Win32.Build.0 = Release|Win32
		{B231C3D5-817F-4273-A6C1-28BEA631987E}.Debug|Win32.ActiveCfg = Debug|Win32
		{B231C3D5-817F-4273-A6C1-28BEA631987E}.Debug|Win32.Build.0 = Debug|Win32
		{B231C3D5-817F-4273-A6C1-28BEA631987E}.Release|Win32.ActiveCfg = Release|Win32
		{B231C3D5-817F-4273-A6C1-28BEA631987E}.Release|Win32.Build.0 = Release|Win32
		{8C4F1730-902E-4C93-BF14-E7684B3C8DAE}.Debug|Win32.ActiveCfg = Debug|Win32
		{8C4F1730-902E-4C93-BF14-E7684B3C8DAE}.Debug|Win32.Build.0 = Debug|Win32
		{8C4F1730-902E-4C93-BF14-E7684B3C8DAE}.Release|Win32.ActiveCfg = Release|Win32
		{8C4F1730-902E-4C93-BF14-E7684B3C8DAE}.Release|Win32.Build.0 = Release|Win32
		{640519C0-34B4-43E9-898B-C1E4F789C1FA}.Debug|Win32.ActiveCfg = Debug|Win32
		{640519C0-34B4-43E9-898B-C1E4F789C1FA}.Debug|Win32.Build.0 = Debug|Win32
		{640519C0-34B4-43E9-898B-C1E4F789C1FA}.Release|Win32.ActiveCfg = Release|Win32
		{640519C0-34B4-43E9-898B-C1E4F789C1FA}.Release|Win32.Build.0 = Release|Win32
		{2C5817EC-91B2-407A-8030-202965C0CED4}.Debug|Win32.ActiveCfg = Debug|Win32
		{2C5817EC-91B2-407A-8030-202965C0CED4}.Debug|Win32.Build.0 = Debug|Win32
		{2C5817EC-91B2-407A-8030-202965C0CED4}.Release|Win32.ActiveCfg = Release|Win32
		{2C5817EC-91B2-407A-8030-202965C0CED4}.Release|Win32.Build.0 = Release|Win32
		{93F1E897-E8EE-40EC-BBCC-F6E18FDA37EB}.Debug|Win32.ActiveCfg = Debug|Win32
		{93F1E897-E8EE-40EC-BBCC-F6E18FDA37EB}.Debug|Win32.Build.0 = Debug|Win32
		{93F1E897-E8EE-40EC-BBCC-F6E18FDA37EB}.Release|Win32.ActiveCfg = Release|Win32
		{93F1E897-E8EE-40EC-BBCC-F6E18FDA37EB}.Release|Win32.Build.0 = Release|Win32
		{5E38EB8F-52E6-43DA-B9F2-790DA90224F8}.Debug|Win32.ActiveCfg = Debug|Win32
		{5E38EB8F-52E6-43DA-B9F2-790DA90224F8}.Debug|Win32.Build.0 = Debug|Win32
		{5E38EB8F-52E6-43DA-B9F2-790DA90224F8}.Release|Win32.ActiveCfg = Release|Win32
		{5E38EB8F-52E6-43DA-B9F2-790DA90224F8}.Release|Win32.Build.0 = Release|Win32
		{3E24D223-5678-4F2E-B0FC-536CC92CD9F2}.Debug|Win32.ActiveCfg = Debug|Win32
		{3E24D223-5678-4F2E-B0FC-536CC92CD9F2}.Debug|Win32.Build.0 = Debug|Win32
		{3E24D223-5678-4F2E-B0FC-536CC92CD9F2}.Release|Win32.ActiveCfg = Release|Win32
		{3E24D223-5678-4F2E-B0FC-536CC92CD9F2}.Release|Win32.Build.0 = Release|Win32
		{0D1C6008-0589-4E50-AECE-D63554C7C1AD}.Debug|Win32.ActiveCfg = Debug|Win32
		{0D1C6008-0589-4E50-AECE-D63554C7C1AD}.Debug|Win32.Build.0 = Debug|Win32
		{0D1C6008-0589-4E50-AECE-D63554C7C1AD}.Release|Win32.ActiveCfg = Release|Win32
		{0D1C6008-0589-4E50-AECE-D63554C7C1AD}.Release|Win32.Build.0 = Release|Win32
		{D6A7D743-3EA4-47FB-8CF9-F3DC84D18AA3}.Debug|Win32.ActiveCfg = Debug|Win32
		{D6A7D743-3EA4-47FB-8CF9-F3DC84D18AA3}.Debug|Win32.Build.0 = Debug|Win32
		{D6A7D743-3EA4-47FB-8CF9-F3DC84D18AA3}.Release|Win32.ActiveCfg = Release|Win32
		{D6A7D743-3EA4-47FB-8CF9-F3DC84D18AA3}.Release|Win32.Build.0 = Release|Win32
		{F6EDC05A-2C82-4466-B470-17DEA3196B7A}.Debug|Win32.ActiveCfg = Debug|Win32
		{F6EDC05A-2C82-4466-B470-17DEA3196B7A}.Debug|Win32.Build.0 = Debug|Win32
		{F6EDC05A-2C82-4466-B470-17DEA3196B7A}.Release|Win32.ActiveCfg = Release|Win32
		{F6EDC05A-2C82-4466-B470-17DEA3196B7A}.Release|Win32.Build.0 = Release|Win32
		{C7121C42-9FA5-4B86-9A98-6D1BCA0CEE49}.Debug|Win32.ActiveCfg = Debug|Win32
		{C7121C42-9FA5-4B86-9A98-6D1BCA0CEE49}.Debug|Win32.Build.0 = Debug|Win32
		{C7121C42-9FA5-4B86-9A98-6D1BCA0CEE49}.Release|Win32.ActiveCfg = Release|Win32
		{C7121C42-9FA5-4B86-9A98-6D1BCA0CEE49}.Release|Win32.Build.0 = Release|Win32
		{5D3B196F-A69E-4632-8A44-E379FEB054D2}.Debug|Win32.ActiveCfg = Debug|Win32
		{5D3B196F-A69E-4632-8A44-E379FEB054D2}.Debug|Win32.Build.0 = Debug|Win32
		{5D3B196F-A69E-4632-8A44-E379FEB054D2}.Release|Win32.ActiveCfg = Release|Win32
		{5D3B196F-A69E-4632-8A44-E379FEB054D2}.Release|Win32.Build.0 = Release|Win32
		{674708D4-3255-419E-8D02-9B6898BFB1F5}.Debug|Win32.ActiveCfg = Debug|Win32
		{674708D4-3255-419E-8D02-9B6898BFB1F5}.Debug|Win32.Build.0 = Debug|Win32
		{674708D4-3255-419E-8D02-9B6898BFB1F5}.Release|Win32.ActiveCfg = Release|Win32
		{674708D4-3255-419E-8D02-9B6898BFB1F5}.Release|Win32.Build.0 = Release|Win32
		{B9D808DC-3FCE-4CB2-A045-7CE606C8FED3}.Debug|Win32.ActiveCfg = Debug|Win32
		{B9D808DC-3FCE-4CB2-A045-7CE606C8FED3}.Debug|Win32.Build.0 = Debug|Win32
		{B9D808DC-3FCE-4CB2-A045-7CE606C8FED3}.Release|Win32.ActiveCfg = Release|Win32
		{B9D808DC-3FCE-4CB2-A045-7CE606C8FED3}.Release|Win32.Build.0 = Release|Win32
		{4023EF09-F967-4E89-A2C7-294DB3451C7A}.Debug|Win32.ActiveCfg = Debug|Win32
		{4023EF09-F967-4E89-A2C7-294DB3451C7A}.Debug|Win32.Build.0 = Debug|Win32
		{4023EF09-F967-4E89-A2C7-294DB3451C7A}.Release|Win32.ActiveCfg = Release|Win32
		{4023EF09-F967-4E89-A2C7-294DB3451C7A}.Release|Win32.Build.0 = Release|Win32
		{F68A7543-CCE9-44B8-83AC-7141B1E3346F}.Debug|Win32.ActiveCfg = Debug|Win32
		{F68A7543-CCE9-44B8-83AC-7141B1E3346F}.Debug|Win32.Build.0 = Debug|Win32
		{F68A7543-CCE9-44B8-83AC-7141B1E3346F}.Release|Win32.ActiveCfg = Release|Win32
		{F68A7543-CCE9-44B8-83AC-7141B1E3346F}.Release|Win32.Build.0 = Release|Win32
		{E0330235-E77B-49D9-950D-F1821D7BD13E}.Debug|Win32.ActiveCfg = Debug|Win32
		{E0330235-E77B-49D9-950D-F1821D7BD13E}.Debug|Win32.Build.0 = Debug|Win32
		{E0330235-E77B-49D9-950D-F1821D7BD13E}.Release|Win32.ActiveCfg = Release|Win32
		{E0330235-E77B-49D9-950D-F1821D7BD13E}.Release|Win32.Build.0 = Release|Win32
		{DAFE5BC5-81E9-420D-8822-0182398F5736}.Debug|Win32.ActiveCfg = Debug|Win32
		{DAFE5BC5-81E9-420D-8822-0182398F5736}.Debug|Win32.Build.0 = Debug|Win32
		{DAFE5BC5-81E9-420D-8822-0182398F5736}.Release|Win32.ActiveCfg = Release|Win32
		{DAFE5BC5-81E9-420D-8822-0182398F5736}.Release|Win32.Build.0 = Release|Win32
		{81F44E6D-EF3E-4CE6-9E34-D3A2BD9217F4}.Debug|Win32.ActiveCfg = Debug|Win32
		{81F44E6D-EF3E-4CE6-9E34-D3A2BD9217F4}.Debug|Win32.Build.0 = Debug|Win32
		{81F44E6D-EF3E-4CE6-9E34-D3A2BD9217F4}.Release|Win32.ActiveCfg = Release|Win32
		{81F44E6D-EF3E-4CE6-9E34-D3A2BD9217F4}.Release|Win32.Build.0 = Release|Win32
		{99C9335D-D5B1-4EB1-90B3-DCDE127F3577}.Debug|Win32.ActiveCfg = Debug|Win32
		{99C9335D-D5B1-4EB1-90B3-DCDE127F3577}.Debug|Win32.Build.0 = Debug|Win32
		{99C9335D-D5B1-4EB1-90B3-DCDE127F3577}.Release|Win32.ActiveCfg = Release|Win32
		{99C9335D-D5B1-4EB1-90B3-DCDE127F3577}.Release|Win32.Build.0 = Release|Win32
		{B6AA5760-F7A5-4D00-B2DB-B7D9DD91F1E5}.Debug|Win32.ActiveCfg = Debug|Win32
		{B6AA5760-F7A5-4D00-B2DB-B7D9DD91F1E5}.Debug|Win32.Build.0 = Debug|Win32
		{B6AA5760-F7A5-4D00-B2DB-B7D9DD91F1E5}.Release|Win32.ActiveCfg = Release|Win32
		{B6AA5760-F7A5-4D00-B2DB-B7D9DD91F1E5}.Release|Win32.Build.0 = Release|Win32
		{A76A0D6E-6C8B-4445-8FE9-71AFB39BDF33}.Debug|Win32.ActiveCfg = Debug|Win32
		{A76A0D6E-6C8B-4445-8FE9-71AFB39BDF33}.Debug|Win32.Build.0 = Debug|Win32
		{A76A0D6E-6C8B-4445-8FE9-71AFB39BDF33}.Release|Win32.ActiveCfg = Release|Win32
		{A76A0D6E-6C8B-4445-8FE9-71AFB39BDF33}.Release|Win32.Build.0 = Release|Win32
	EndGlobalSection
	GlobalSection(SolutionProperties) = preSolution
		HideSolutionNode = FALSE
	EndGlobalSection
EndGlobal
